
Microsoft Visual Studio Solution File, Format Version 11.00
# Visual Studio 2010
Project("{FAE04EC0-301F-11D3-BF4B-00C04F79EFBC}") = "Battleship", "Battleship\Battleship.csproj", "{5C2E408A-7840-4547-88F5-6FCC6A7BFC40}"
EndProject
Project("{2150E333-8FDC-42A3-9474-1A3956D46DE8}") = "Solution Items", "Solution Items", "{405F0A3B-87A7-4F5A-B5DC-5C5C82157897}"
	ProjectSection(SolutionItems) = preProject
		todo.txt = todo.txt
		unused.txt = unused.txt
	EndProjectSection
EndProject
Global
	GlobalSection(SolutionConfigurationPlatforms) = preSolution
		Debug|x86 = Debug|x86
		Release|x86 = Release|x86
	EndGlobalSection
	GlobalSection(ProjectConfigurationPlatforms) = postSolution
		{5C2E408A-7840-4547-88F5-6FCC6A7BFC40}.Debug|x86.ActiveCfg = Debug|x86
		{5C2E408A-7840-4547-88F5-6FCC6A7BFC40}.Debug|x86.Build.0 = Debug|x86
		{5C2E408A-7840-4547-88F5-6FCC6A7BFC40}.Release|x86.ActiveCfg = Release|x86
		{5C2E408A-7840-4547-88F5-6FCC6A7BFC40}.Release|x86.Build.0 = Release|x86
	EndGlobalSection
	GlobalSection(SolutionProperties) = preSolution
		HideSolutionNode = FALSE
	EndGlobalSection
EndGlobal
